
Microsoft Visual Studio Solution File, Format Version 12.00
# Visual Studio 15
VisualStudioVersion = 15.0.26403.0
MinimumVisualStudioVersion = 10.0.40219.1
Project("{FAE04EC0-301F-11D3-BF4B-00C04F79EFBC}") = "LoginKitForms", "LoginKitForms\LoginKitForms.csproj", "{67F9D3A8-F71E-4428-913F-C37AE82CDB24}"
EndProject
Project("{D954291E-2A0B-460D-934E-DC6B0785DB48}") = "FormsExample", "Examples\FormsExample\FormsExample.shproj", "{626BA10E-DBF5-4A91-84AB-B8EF51ACCD1B}"
EndProject
Project("{FAE04EC0-301F-11D3-BF4B-00C04F79EFBC}") = "FormsExample.Android", "Examples\FormsExample.Android\FormsExample.Android.csproj", "{70612FDE-0436-425C-8FD5-6B4EECE96B53}"
EndProject
Project("{FAE04EC0-301F-11D3-BF4B-00C04F79EFBC}") = "FormsExample.iOS", "Examples\FormsExample.iOS\FormsExample.iOS.csproj", "{262BC68A-DA59-483D-BF88-AAD28853A7F6}"
EndProject
Project("{FAE04EC0-301F-11D3-BF4B-00C04F79EFBC}") = "FormsExample.UWP", "Examples\FormsExample.UWP\FormsExample.UWP.csproj", "{B3DA5644-2891-4BC6-A180-10732AA0FF34}"
EndProject
Global
	GlobalSection(SharedMSBuildProjectFiles) = preSolution
		Examples\FormsExample\FormsExample.projitems*{262bc68a-da59-483d-bf88-aad28853a7f6}*SharedItemsImports = 4
		Examples\FormsExample\FormsExample.projitems*{626ba10e-dbf5-4a91-84ab-b8ef51accd1b}*SharedItemsImports = 13
		Examples\FormsExample\FormsExample.projitems*{70612fde-0436-425c-8fd5-6b4eece96b53}*SharedItemsImports = 4
		Examples\FormsExample\FormsExample.projitems*{b3da5644-2891-4bc6-a180-10732aa0ff34}*SharedItemsImports = 4
	EndGlobalSection
	GlobalSection(SolutionConfigurationPlatforms) = preSolution
		Ad-Hoc|Any CPU = Ad-Hoc|Any CPU
		Ad-Hoc|ARM = Ad-Hoc|ARM
		Ad-Hoc|iPhone = Ad-Hoc|iPhone
		Ad-Hoc|iPhoneSimulator = Ad-Hoc|iPhoneSimulator
		Ad-Hoc|x64 = Ad-Hoc|x64
		Ad-Hoc|x86 = Ad-Hoc|x86
		AppStore|Any CPU = AppStore|Any CPU
		AppStore|ARM = AppStore|ARM
		AppStore|iPhone = AppStore|iPhone
		AppStore|iPhoneSimulator = AppStore|iPhoneSimulator
		AppStore|x64 = AppStore|x64
		AppStore|x86 = AppStore|x86
		Debug|Any CPU = Debug|Any CPU
		Debug|ARM = Debug|ARM
		Debug|iPhone = Debug|iPhone
		Debug|iPhoneSimulator = Debug|iPhoneSimulator
		Debug|x64 = Debug|x64
		Debug|x86 = Debug|x86
		Release|Any CPU = Release|Any CPU
		Release|ARM = Release|ARM
		Release|iPhone = Release|iPhone
		Release|iPhoneSimulator = Release|iPhoneSimulator
		Release|x64 = Release|x64
		Release|x86 = Release|x86
	EndGlobalSection
	GlobalSection(ProjectConfigurationPlatforms) = postSolution
		{67F9D3A8-F71E-4428-913F-C37AE82CDB24}.Ad-Hoc|Any CPU.ActiveCfg = Release|Any CPU
		{67F9D3A8-F71E-4428-913F-C37AE82CDB24}.Ad-Hoc|Any CPU.Build.0 = Release|Any CPU
		{67F9D3A8-F71E-4428-913F-C37AE82CDB24}.Ad-Hoc|ARM.ActiveCfg = Release|Any CPU
		{67F9D3A8-F71E-4428-913F-C37AE82CDB24}.Ad-Hoc|ARM.Build.0 = Release|Any CPU
		{67F9D3A8-F71E-4428-913F-C37AE82CDB24}.Ad-Hoc|iPhone.ActiveCfg = Release|Any CPU
		{67F9D3A8-F71E-4428-913F-C37AE82CDB24}.Ad-Hoc|iPhone.Build.0 = Release|Any CPU
		{67F9D3A8-F71E-4428-913F-C37AE82CDB24}.Ad-Hoc|iPhoneSimulator.ActiveCfg = Release|Any CPU
		{67F9D3A8-F71E-4428-913F-C37AE82CDB24}.Ad-Hoc|iPhoneSimulator.Build.0 = Release|Any CPU
		{67F9D3A8-F71E-4428-913F-C37AE82CDB24}.Ad-Hoc|x64.ActiveCfg = Release|Any CPU
		{67F9D3A8-F71E-4428-913F-C37AE82CDB24}.Ad-Hoc|x64.Build.0 = Release|Any CPU
		{67F9D3A8-F71E-4428-913F-C37AE82CDB24}.Ad-Hoc|x86.ActiveCfg = Release|Any CPU
		{67F9D3A8-F71E-4428-913F-C37AE82CDB24}.Ad-Hoc|x86.Build.0 = Release|Any CPU
		{67F9D3A8-F71E-4428-913F-C37AE82CDB24}.AppStore|Any CPU.ActiveCfg = Release|Any CPU
		{67F9D3A8-F71E-4428-913F-C37AE82CDB24}.AppStore|Any CPU.Build.0 = Release|Any CPU
		{67F9D3A8-F71E-4428-913F-C37AE82CDB24}.AppStore|ARM.ActiveCfg = Release|Any CPU
		{67F9D3A8-F71E-4428-913F-C37AE82CDB24}.AppStore|ARM.Build.0 = Release|Any CPU
		{67F9D3A8-F71E-4428-913F-C37AE82CDB24}.AppStore|iPhone.ActiveCfg = Release|Any CPU
		{67F9D3A8-F71E-4428-913F-C37AE82CDB24}.AppStore|iPhone.Build.0 = Release|Any CPU
		{67F9D3A8-F71E-4428-913F-C37AE82CDB24}.AppStore|iPhoneSimulator.ActiveCfg = Release|Any CPU
		{67F9D3A8-F71E-4428-913F-C37AE82CDB24}.AppStore|iPhoneSimulator.Build.0 = Release|Any CPU
		{67F9D3A8-F71E-4428-913F-C37AE82CDB24}.AppStore|x64.ActiveCfg = Release|Any CPU
		{67F9D3A8-F71E-4428-913F-C37AE82CDB24}.AppStore|x64.Build.0 = Release|Any CPU
		{67F9D3A8-F71E-4428-913F-C37AE82CDB24}.AppStore|x86.ActiveCfg = Release|Any CPU
		{67F9D3A8-F71E-4428-913F-C37AE82CDB24}.AppStore|x86.Build.0 = Release|Any CPU
		{67F9D3A8-F71E-4428-913F-C37AE82CDB24}.Debug|Any CPU.ActiveCfg = Debug|Any CPU
		{67F9D3A8-F71E-4428-913F-C37AE82CDB24}.Debug|Any CPU.Build.0 = Debug|Any CPU
		{67F9D3A8-F71E-4428-913F-C37AE82CDB24}.Debug|ARM.ActiveCfg = Debug|Any CPU
		{67F9D3A8-F71E-4428-913F-C37AE82CDB24}.Debug|ARM.Build.0 = Debug|Any CPU
		{67F9D3A8-F71E-4428-913F-C37AE82CDB24}.Debug|iPhone.ActiveCfg = Debug|Any CPU
		{67F9D3A8-F71E-4428-913F-C37AE82CDB24}.Debug|iPhone.Build.0 = Debug|Any CPU
		{67F9D3A8-F71E-4428-913F-C37AE82CDB24}.Debug|iPhoneSimulator.ActiveCfg = Debug|Any CPU
		{67F9D3A8-F71E-4428-913F-C37AE82CDB24}.Debug|iPhoneSimulator.Build.0 = Debug|Any CPU
		{67F9D3A8-F71E-4428-913F-C37AE82CDB24}.Debug|x64.ActiveCfg = Debug|Any CPU
		{67F9D3A8-F71E-4428-913F-C37AE82CDB24}.Debug|x64.Build.0 = Debug|Any CPU
		{67F9D3A8-F71E-4428-913F-C37AE82CDB24}.Debug|x86.ActiveCfg = Debug|Any CPU
		{67F9D3A8-F71E-4428-913F-C37AE82CDB24}.Debug|x86.Build.0 = Debug|Any CPU
		{67F9D3A8-F71E-4428-913F-C37AE82CDB24}.Release|Any CPU.ActiveCfg = Release|Any CPU
		{67F9D3A8-F71E-4428-913F-C37AE82CDB24}.Release|Any CPU.Build.0 = Release|Any CPU
		{67F9D3A8-F71E-4428-913F-C37AE82CDB24}.Release|ARM.ActiveCfg = Release|Any CPU
		{67F9D3A8-F71E-4428-913F-C37AE82CDB24}.Release|ARM.Build.0 = Release|Any CPU
		{67F9D3A8-F71E-4428-913F-C37AE82CDB24}.Release|iPhone.ActiveCfg = Release|Any CPU
		{67F9D3A8-F71E-4428-913F-C37AE82CDB24}.Release|iPhone.Build.0 = Release|Any CPU
		{67F9D3A8-F71E-4428-913F-C37AE82CDB24}.Release|iPhoneSimulator.ActiveCfg = Release|Any CPU
		{67F9D3A8-F71E-4428-913F-C37AE82CDB24}.Release|iPhoneSimulator.Build.0 = Release|Any CPU
		{67F9D3A8-F71E-4428-913F-C37AE82CDB24}.Release|x64.ActiveCfg = Release|Any CPU
		{67F9D3A8-F71E-4428-913F-C37AE82CDB24}.Release|x64.Build.0 = Release|Any CPU
		{67F9D3A8-F71E-4428-913F-C37AE82CDB24}.Release|x86.ActiveCfg = Release|Any CPU
		{67F9D3A8-F71E-4428-913F-C37AE82CDB24}.Release|x86.Build.0 = Release|Any CPU
		{70612FDE-0436-425C-8FD5-6B4EECE96B53}.Ad-Hoc|Any CPU.ActiveCfg = Release|Any CPU
		{70612FDE-0436-425C-8FD5-6B4EECE96B53}.Ad-Hoc|Any CPU.Build.0 = Release|Any CPU
		{70612FDE-0436-425C-8FD5-6B4EECE96B53}.Ad-Hoc|Any CPU.Deploy.0 = Release|Any CPU
		{70612FDE-0436-425C-8FD5-6B4EECE96B53}.Ad-Hoc|ARM.ActiveCfg = Release|Any CPU
		{70612FDE-0436-425C-8FD5-6B4EECE96B53}.Ad-Hoc|ARM.Build.0 = Release|Any CPU
		{70612FDE-0436-425C-8FD5-6B4EECE96B53}.Ad-Hoc|ARM.Deploy.0 = Release|Any CPU
		{70612FDE-0436-425C-8FD5-6B4EECE96B53}.Ad-Hoc|iPhone.ActiveCfg = Release|Any CPU
		{70612FDE-0436-425C-8FD5-6B4EECE96B53}.Ad-Hoc|iPhone.Build.0 = Release|Any CPU
		{70612FDE-0436-425C-8FD5-6B4EECE96B53}.Ad-Hoc|iPhone.Deploy.0 = Release|Any CPU
		{70612FDE-0436-425C-8FD5-6B4EECE96B53}.Ad-Hoc|iPhoneSimulator.ActiveCfg = Release|Any CPU
		{70612FDE-0436-425C-8FD5-6B4EECE96B53}.Ad-Hoc|iPhoneSimulator.Build.0 = Release|Any CPU
		{70612FDE-0436-425C-8FD5-6B4EECE96B53}.Ad-Hoc|iPhoneSimulator.Deploy.0 = Release|Any CPU
		{70612FDE-0436-425C-8FD5-6B4EECE96B53}.Ad-Hoc|x64.ActiveCfg = Release|Any CPU
		{70612FDE-0436-425C-8FD5-6B4EECE96B53}.Ad-Hoc|x64.Build.0 = Release|Any CPU
		{70612FDE-0436-425C-8FD5-6B4EECE96B53}.Ad-Hoc|x64.Deploy.0 = Release|Any CPU
		{70612FDE-0436-425C-8FD5-6B4EECE96B53}.Ad-Hoc|x86.ActiveCfg = Release|Any CPU
		{70612FDE-0436-425C-8FD5-6B4EECE96B53}.Ad-Hoc|x86.Build.0 = Release|Any CPU
		{70612FDE-0436-425C-8FD5-6B4EECE96B53}.Ad-Hoc|x86.Deploy.0 = Release|Any CPU
		{70612FDE-0436-425C-8FD5-6B4EECE96B53}.AppStore|Any CPU.ActiveCfg = Release|Any CPU
		{70612FDE-0436-425C-8FD5-6B4EECE96B53}.AppStore|Any CPU.Build.0 = Release|Any CPU
		{70612FDE-0436-425C-8FD5-6B4EECE96B53}.AppStore|Any CPU.Deploy.0 = Release|Any CPU
		{70612FDE-0436-425C-8FD5-6B4EECE96B53}.AppStore|ARM.ActiveCfg = Release|Any CPU
		{70612FDE-0436-425C-8FD5-6B4EECE96B53}.AppStore|ARM.Build.0 = Release|Any CPU
		{70612FDE-0436-425C-8FD5-6B4EECE96B53}.AppStore|ARM.Deploy.0 = Release|Any CPU
		{70612FDE-0436-425C-8FD5-6B4EECE96B53}.AppStore|iPhone.ActiveCfg = Release|Any CPU
		{70612FDE-0436-425C-8FD5-6B4EECE96B53}.AppStore|iPhone.Build.0 = Release|Any CPU
		{70612FDE-0436-425C-8FD5-6B4EECE96B53}.AppStore|iPhone.Deploy.0 = Release|Any CPU
		{70612FDE-0436-425C-8FD5-6B4EECE96B53}.AppStore|iPhoneSimulator.ActiveCfg = Release|Any CPU
		{70612FDE-0436-425C-8FD5-6B4EECE96B53}.AppStore|iPhoneSimulator.Build.0 = Release|Any CPU
		{70612FDE-0436-425C-8FD5-6B4EECE96B53}.AppStore|iPhoneSimulator.Deploy.0 = Release|Any CPU
		{70612FDE-0436-425C-8FD5-6B4EECE96B53}.AppStore|x64.ActiveCfg = Release|Any CPU
		{70612FDE-0436-425C-8FD5-6B4EECE96B53}.AppStore|x64.Build.0 = Release|Any CPU
		{70612FDE-0436-425C-8FD5-6B4EECE96B53}.AppStore|x64.Deploy.0 = Release|Any CPU
		{70612FDE-0436-425C-8FD5-6B4EECE96B53}.AppStore|x86.ActiveCfg = Release|Any CPU
		{70612FDE-0436-425C-8FD5-6B4EECE96B53}.AppStore|x86.Build.0 = Release|Any CPU
		{70612FDE-0436-425C-8FD5-6B4EECE96B53}.AppStore|x86.Deploy.0 = Release|Any CPU
		{70612FDE-0436-425C-8FD5-6B4EECE96B53}.Debug|Any CPU.ActiveCfg = Debug|Any CPU
		{70612FDE-0436-425C-8FD5-6B4EECE96B53}.Debug|Any CPU.Build.0 = Debug|Any CPU
		{70612FDE-0436-425C-8FD5-6B4EECE96B53}.Debug|Any CPU.Deploy.0 = Debug|Any CPU
		{70612FDE-0436-425C-8FD5-6B4EECE96B53}.Debug|ARM.ActiveCfg = Debug|Any CPU
		{70612FDE-0436-425C-8FD5-6B4EECE96B53}.Debug|ARM.Build.0 = Debug|Any CPU
		{70612FDE-0436-425C-8FD5-6B4EECE96B53}.Debug|ARM.Deploy.0 = Debug|Any CPU
		{70612FDE-0436-425C-8FD5-6B4EECE96B53}.Debug|iPhone.ActiveCfg = Debug|Any CPU
		{70612FDE-0436-425C-8FD5-6B4EECE96B53}.Debug|iPhone.Build.0 = Debug|Any CPU
		{70612FDE-0436-425C-8FD5-6B4EECE96B53}.Debug|iPhone.Deploy.0 = Debug|Any CPU
		{70612FDE-0436-425C-8FD5-6B4EECE96B53}.Debug|iPhoneSimulator.ActiveCfg = Debug|Any CPU
		{70612FDE-0436-425C-8FD5-6B4EECE96B53}.Debug|iPhoneSimulator.Build.0 = Debug|Any CPU
		{70612FDE-0436-425C-8FD5-6B4EECE96B53}.Debug|iPhoneSimulator.Deploy.0 = Debug|Any CPU
		{70612FDE-0436-425C-8FD5-6B4EECE96B53}.Debug|x64.ActiveCfg = Debug|Any CPU
		{70612FDE-0436-425C-8FD5-6B4EECE96B53}.Debug|x64.Build.0 = Debug|Any CPU
		{70612FDE-0436-425C-8FD5-6B4EECE96B53}.Debug|x64.Deploy.0 = Debug|Any CPU
		{70612FDE-0436-425C-8FD5-6B4EECE96B53}.Debug|x86.ActiveCfg = Debug|Any CPU
		{70612FDE-0436-425C-8FD5-6B4EECE96B53}.Debug|x86.Build.0 = Debug|Any CPU
		{70612FDE-0436-425C-8FD5-6B4EECE96B53}.Debug|x86.Deploy.0 = Debug|Any CPU
		{70612FDE-0436-425C-8FD5-6B4EECE96B53}.Release|Any CPU.ActiveCfg = Release|Any CPU
		{70612FDE-0436-425C-8FD5-6B4EECE96B53}.Release|Any CPU.Build.0 = Release|Any CPU
		{70612FDE-0436-425C-8FD5-6B4EECE96B53}.Release|Any CPU.Deploy.0 = Release|Any CPU
		{70612FDE-0436-425C-8FD5-6B4EECE96B53}.Release|ARM.ActiveCfg = Release|Any CPU
		{70612FDE-0436-425C-8FD5-6B4EECE96B53}.Release|ARM.Build.0 = Release|Any CPU
		{70612FDE-0436-425C-8FD5-6B4EECE96B53}.Release|ARM.Deploy.0 = Release|Any CPU
		{70612FDE-0436-425C-8FD5-6B4EECE96B53}.Release|iPhone.ActiveCfg = Release|Any CPU
		{70612FDE-0436-425C-8FD5-6B4EECE96B53}.Release|iPhone.Build.0 = Release|Any CPU
		{70612FDE-0436-425C-8FD5-6B4EECE96B53}.Release|iPhone.Deploy.0 = Release|Any CPU
		{70612FDE-0436-425C-8FD5-6B4EECE96B53}.Release|iPhoneSimulator.ActiveCfg = Release|Any CPU
		{70612FDE-0436-425C-8FD5-6B4EECE96B53}.Release|iPhoneSimulator.Build.0 = Release|Any CPU
		{70612FDE-0436-425C-8FD5-6B4EECE96B53}.Release|iPhoneSimulator.Deploy.0 = Release|Any CPU
		{70612FDE-0436-425C-8FD5-6B4EECE96B53}.Release|x64.ActiveCfg = Release|Any CPU
		{70612FDE-0436-425C-8FD5-6B4EECE96B53}.Release|x64.Build.0 = Release|Any CPU
		{70612FDE-0436-425C-8FD5-6B4EECE96B53}.Release|x64.Deploy.0 = Release|Any CPU
		{70612FDE-0436-425C-8FD5-6B4EECE96B53}.Release|x86.ActiveCfg = Release|Any CPU
		{70612FDE-0436-425C-8FD5-6B4EECE96B53}.Release|x86.Build.0 = Release|Any CPU
		{70612FDE-0436-425C-8FD5-6B4EECE96B53}.Release|x86.Deploy.0 = Release|Any CPU
		{262BC68A-DA59-483D-BF88-AAD28853A7F6}.Ad-Hoc|Any CPU.ActiveCfg = Ad-Hoc|iPhone
		{262BC68A-DA59-483D-BF88-AAD28853A7F6}.Ad-Hoc|ARM.ActiveCfg = Ad-Hoc|iPhone
		{262BC68A-DA59-483D-BF88-AAD28853A7F6}.Ad-Hoc|iPhone.ActiveCfg = Ad-Hoc|iPhone
		{262BC68A-DA59-483D-BF88-AAD28853A7F6}.Ad-Hoc|iPhone.Build.0 = Ad-Hoc|iPhone
		{262BC68A-DA59-483D-BF88-AAD28853A7F6}.Ad-Hoc|iPhoneSimulator.ActiveCfg = Ad-Hoc|iPhoneSimulator
		{262BC68A-DA59-483D-BF88-AAD28853A7F6}.Ad-Hoc|iPhoneSimulator.Build.0 = Ad-Hoc|iPhoneSimulator
		{262BC68A-DA59-483D-BF88-AAD28853A7F6}.Ad-Hoc|x64.ActiveCfg = Ad-Hoc|iPhone
		{262BC68A-DA59-483D-BF88-AAD28853A7F6}.Ad-Hoc|x86.ActiveCfg = Ad-Hoc|iPhone
		{262BC68A-DA59-483D-BF88-AAD28853A7F6}.AppStore|Any CPU.ActiveCfg = AppStore|iPhone
		{262BC68A-DA59-483D-BF88-AAD28853A7F6}.AppStore|ARM.ActiveCfg = AppStore|iPhone
		{262BC68A-DA59-483D-BF88-AAD28853A7F6}.AppStore|iPhone.ActiveCfg = AppStore|iPhone
		{262BC68A-DA59-483D-BF88-AAD28853A7F6}.AppStore|iPhone.Build.0 = AppStore|iPhone
		{262BC68A-DA59-483D-BF88-AAD28853A7F6}.AppStore|iPhoneSimulator.ActiveCfg = AppStore|iPhoneSimulator
		{262BC68A-DA59-483D-BF88-AAD28853A7F6}.AppStore|iPhoneSimulator.Build.0 = AppStore|iPhoneSimulator
		{262BC68A-DA59-483D-BF88-AAD28853A7F6}.AppStore|x64.ActiveCfg = AppStore|iPhone
		{262BC68A-DA59-483D-BF88-AAD28853A7F6}.AppStore|x86.ActiveCfg = AppStore|iPhone
		{262BC68A-DA59-483D-BF88-AAD28853A7F6}.Debug|Any CPU.ActiveCfg = Debug|iPhone
		{262BC68A-DA59-483D-BF88-AAD28853A7F6}.Debug|ARM.ActiveCfg = Debug|iPhone
		{262BC68A-DA59-483D-BF88-AAD28853A7F6}.Debug|iPhone.ActiveCfg = Debug|iPhone
		{262BC68A-DA59-483D-BF88-AAD28853A7F6}.Debug|iPhone.Build.0 = Debug|iPhone
		{262BC68A-DA59-483D-BF88-AAD28853A7F6}.Debug|iPhoneSimulator.ActiveCfg = Debug|iPhoneSimulator
		{262BC68A-DA59-483D-BF88-AAD28853A7F6}.Debug|iPhoneSimulator.Build.0 = Debug|iPhoneSimulator
		{262BC68A-DA59-483D-BF88-AAD28853A7F6}.Debug|x64.ActiveCfg = Debug|iPhone
		{262BC68A-DA59-483D-BF88-AAD28853A7F6}.Debug|x86.ActiveCfg = Debug|iPhone
		{262BC68A-DA59-483D-BF88-AAD28853A7F6}.Release|Any CPU.ActiveCfg = Release|iPhone
		{262BC68A-DA59-483D-BF88-AAD28853A7F6}.Release|ARM.ActiveCfg = Release|iPhone
		{262BC68A-DA59-483D-BF88-AAD28853A7F6}.Release|iPhone.ActiveCfg = Release|iPhone
		{262BC68A-DA59-483D-BF88-AAD28853A7F6}.Release|iPhone.Build.0 = Release|iPhone
		{262BC68A-DA59-483D-BF88-AAD28853A7F6}.Release|iPhoneSimulator.ActiveCfg = Release|iPhoneSimulator
		{262BC68A-DA59-483D-BF88-AAD28853A7F6}.Release|iPhoneSimulator.Build.0 = Release|iPhoneSimulator
		{262BC68A-DA59-483D-BF88-AAD28853A7F6}.Release|x64.ActiveCfg = Release|iPhone
		{262BC68A-DA59-483D-BF88-AAD28853A7F6}.Release|x86.ActiveCfg = Release|iPhone
		{B3DA5644-2891-4BC6-A180-10732AA0FF34}.Ad-Hoc|Any CPU.ActiveCfg = Release|x86
		{B3DA5644-2891-4BC6-A180-10732AA0FF34}.Ad-Hoc|Any CPU.Build.0 = Release|x86
		{B3DA5644-2891-4BC6-A180-10732AA0FF34}.Ad-Hoc|Any CPU.Deploy.0 = Release|x86
		{B3DA5644-2891-4BC6-A180-10732AA0FF34}.Ad-Hoc|ARM.ActiveCfg = Release|ARM
		{B3DA5644-2891-4BC6-A180-10732AA0FF34}.Ad-Hoc|ARM.Build.0 = Release|ARM
		{B3DA5644-2891-4BC6-A180-10732AA0FF34}.Ad-Hoc|ARM.Deploy.0 = Release|ARM
		{B3DA5644-2891-4BC6-A180-10732AA0FF34}.Ad-Hoc|iPhone.ActiveCfg = Release|x86
		{B3DA5644-2891-4BC6-A180-10732AA0FF34}.Ad-Hoc|iPhone.Build.0 = Release|x86
		{B3DA5644-2891-4BC6-A180-10732AA0FF34}.Ad-Hoc|iPhone.Deploy.0 = Release|x86
		{B3DA5644-2891-4BC6-A180-10732AA0FF34}.Ad-Hoc|iPhoneSimulator.ActiveCfg = Release|x86
		{B3DA5644-2891-4BC6-A180-10732AA0FF34}.Ad-Hoc|iPhoneSimulator.Build.0 = Release|x86
		{B3DA5644-2891-4BC6-A180-10732AA0FF34}.Ad-Hoc|iPhoneSimulator.Deploy.0 = Release|x86
		{B3DA5644-2891-4BC6-A180-10732AA0FF34}.Ad-Hoc|x64.ActiveCfg = Release|x64
		{B3DA5644-2891-4BC6-A180-10732AA0FF34}.Ad-Hoc|x64.Build.0 = Release|x64
		{B3DA5644-2891-4BC6-A180-10732AA0FF34}.Ad-Hoc|x64.Deploy.0 = Release|x64
		{B3DA5644-2891-4BC6-A180-10732AA0FF34}.Ad-Hoc|x86.ActiveCfg = Release|x86
		{B3DA5644-2891-4BC6-A180-10732AA0FF34}.Ad-Hoc|x86.Build.0 = Release|x86
		{B3DA5644-2891-4BC6-A180-10732AA0FF34}.Ad-Hoc|x86.Deploy.0 = Release|x86
		{B3DA5644-2891-4BC6-A180-10732AA0FF34}.AppStore|Any CPU.ActiveCfg = Release|x86
		{B3DA5644-2891-4BC6-A180-10732AA0FF34}.AppStore|Any CPU.Build.0 = Release|x86
		{B3DA5644-2891-4BC6-A180-10732AA0FF34}.AppStore|Any CPU.Deploy.0 = Release|x86
		{B3DA5644-2891-4BC6-A180-10732AA0FF34}.AppStore|ARM.ActiveCfg = Release|ARM
		{B3DA5644-2891-4BC6-A180-10732AA0FF34}.AppStore|ARM.Build.0 = Release|ARM
		{B3DA5644-2891-4BC6-A180-10732AA0FF34}.AppStore|ARM.Deploy.0 = Release|ARM
		{B3DA5644-2891-4BC6-A180-10732AA0FF34}.AppStore|iPhone.ActiveCfg = Release|x86
		{B3DA5644-2891-4BC6-A180-10732AA0FF34}.AppStore|iPhone.Build.0 = Release|x86
		{B3DA5644-2891-4BC6-A180-10732AA0FF34}.AppStore|iPhone.Deploy.0 = Release|x86
		{B3DA5644-2891-4BC6-A180-10732AA0FF34}.AppStore|iPhoneSimulator.ActiveCfg = Release|x86
		{B3DA5644-2891-4BC6-A180-10732AA0FF34}.AppStore|iPhoneSimulator.Build.0 = Release|x86
		{B3DA5644-2891-4BC6-A180-10732AA0FF34}.AppStore|iPhoneSimulator.Deploy.0 = Release|x86
		{B3DA5644-2891-4BC6-A180-10732AA0FF34}.AppStore|x64.ActiveCfg = Release|x64
		{B3DA5644-2891-4BC6-A180-10732AA0FF34}.AppStore|x64.Build.0 = Release|x64
		{B3DA5644-2891-4BC6-A180-10732AA0FF34}.AppStore|x64.Deploy.0 = Release|x64
		{B3DA5644-2891-4BC6-A180-10732AA0FF34}.AppStore|x86.ActiveCfg = Release|x86
		{B3DA5644-2891-4BC6-A180-10732AA0FF34}.AppStore|x86.Build.0 = Release|x86
		{B3DA5644-2891-4BC6-A180-10732AA0FF34}.AppStore|x86.Deploy.0 = Release|x86
		{B3DA5644-2891-4BC6-A180-10732AA0FF34}.Debug|Any CPU.ActiveCfg = Debug|x86
		{B3DA5644-2891-4BC6-A180-10732AA0FF34}.Debug|ARM.ActiveCfg = Debug|ARM
		{B3DA5644-2891-4BC6-A180-10732AA0FF34}.Debug|ARM.Build.0 = Debug|ARM
		{B3DA5644-2891-4BC6-A180-10732AA0FF34}.Debug|ARM.Deploy.0 = Debug|ARM
		{B3DA5644-2891-4BC6-A180-10732AA0FF34}.Debug|iPhone.ActiveCfg = Debug|x86
		{B3DA5644-2891-4BC6-A180-10732AA0FF34}.Debug|iPhoneSimulator.ActiveCfg = Debug|x86
		{B3DA5644-2891-4BC6-A180-10732AA0FF34}.Debug|x64.ActiveCfg = Debug|x64
		{B3DA5644-2891-4BC6-A180-10732AA0FF34}.Debug|x64.Build.0 = Debug|x64
		{B3DA5644-2891-4BC6-A180-10732AA0FF34}.Debug|x64.Deploy.0 = Debug|x64
		{B3DA5644-2891-4BC6-A180-10732AA0FF34}.Debug|x86.ActiveCfg = Debug|x86
		{B3DA5644-2891-4BC6-A180-10732AA0FF34}.Debug|x86.Build.0 = Debug|x86
		{B3DA5644-2891-4BC6-A180-10732AA0FF34}.Debug|x86.Deploy.0 = Debug|x86
		{B3DA5644-2891-4BC6-A180-10732AA0FF34}.Release|Any CPU.ActiveCfg = Release|x86
		{B3DA5644-2891-4BC6-A180-10732AA0FF34}.Release|ARM.ActiveCfg = Release|ARM
		{B3DA5644-2891-4BC6-A180-10732AA0FF34}.Release|ARM.Build.0 = Release|ARM
		{B3DA5644-2891-4BC6-A180-10732AA0FF34}.Release|ARM.Deploy.0 = Release|ARM
		{B3DA5644-2891-4BC6-A180-10732AA0FF34}.Release|iPhone.ActiveCfg = Release|x86
		{B3DA5644-2891-4BC6-A180-10732AA0FF34}.Release|iPhoneSimulator.ActiveCfg = Release|x86
		{B3DA5644-2891-4BC6-A180-10732AA0FF34}.Release|x64.ActiveCfg = Release|x64
		{B3DA5644-2891-4BC6-A180-10732AA0FF34}.Release|x64.Build.0 = Release|x64
		{B3DA5644-2891-4BC6-A180-10732AA0FF34}.Release|x64.Deploy.0 = Release|x64
		{B3DA5644-2891-4BC6-A180-10732AA0FF34}.Release|x86.ActiveCfg = Release|x86
		{B3DA5644-2891-4BC6-A180-10732AA0FF34}.Release|x86.Build.0 = Release|x86
		{B3DA5644-2891-4BC6-A180-10732AA0FF34}.Release|x86.Deploy.0 = Release|x86
	EndGlobalSection
	GlobalSection(SolutionProperties) = preSolution
		HideSolutionNode = FALSE
	EndGlobalSection
EndGlobal
